
Microsoft Visual Studio Solution File, Format Version 12.00
# Visual Studio 14
VisualStudioVersion = 14.0.25420.1
MinimumVisualStudioVersion = 10.0.40219.1
Project("{FAE04EC0-301F-11D3-BF4B-00C04F79EFBC}") = "POO", "POO\POO.csproj", "{A55CD4B1-AB9F-452C-B687-9BF253F52E03}"
EndProject
Global
	GlobalSection(SolutionConfigurationPlatforms) = preSolution
		Debug|Any CPU = Debug|Any CPU
		Release|Any CPU = Release|Any CPU
	EndGlobalSection
	GlobalSection(ProjectConfigurationPlatforms) = postSolution
		{A55CD4B1-AB9F-452C-B687-9BF253F52E03}.Debug|Any CPU.ActiveCfg = Debug|Any CPU
		{A55CD4B1-AB9F-452C-B687-9BF253F52E03}.Debug|Any CPU.Build.0 = Debug|Any CPU
		{A55CD4B1-AB9F-452C-B687-9BF253F52E03}.Release|Any CPU.ActiveCfg = Release|Any CPU
		{A55CD4B1-AB9F-452C-B687-9BF253F52E03}.Release|Any CPU.Build.0 = Release|Any CPU
	EndGlobalSection
	GlobalSection(SolutionProperties) = preSolution
		HideSolutionNode = FALSE
	EndGlobalSection
EndGlobal
